
Microsoft Visual Studio Solution File, Format Version 12.00
# Visual Studio Version 17
VisualStudioVersion = 17.3.32819.101
MinimumVisualStudioVersion = 10.0.40219.1
Project("{8BC9CEB8-8B4A-11D0-8D11-00A0C91BC942}") = "KyleMoore_Assignment3", "KyleMoore_Assignment3\KyleMoore_Assignment3.vcxproj", "{F7AE2E7C-E8A4-45F0-8311-EA736F88F775}"
EndProject
Global
	GlobalSection(SolutionConfigurationPlatforms) = preSolution
		Debug|x64 = Debug|x64
		Debug|x86 = Debug|x86
		Release|x64 = Release|x64
		Release|x86 = Release|x86
	EndGlobalSection
	GlobalSection(ProjectConfigurationPlatforms) = postSolution
		{F7AE2E7C-E8A4-45F0-8311-EA736F88F775}.Debug|x64.ActiveCfg = Debug|x64
		{F7AE2E7C-E8A4-45F0-8311-EA736F88F775}.Debug|x64.Build.0 = Debug|x64
		{F7AE2E7C-E8A4-45F0-8311-EA736F88F775}.Debug|x86.ActiveCfg = Debug|Win32
		{F7AE2E7C-E8A4-45F0-8311-EA736F88F775}.Debug|x86.Build.0 = Debug|Win32
		{F7AE2E7C-E8A4-45F0-8311-EA736F88F775}.Release|x64.ActiveCfg = Release|x64
		{F7AE2E7C-E8A4-45F0-8311-EA736F88F775}.Release|x64.Build.0 = Release|x64
		{F7AE2E7C-E8A4-45F0-8311-EA736F88F775}.Release|x86.ActiveCfg = Release|Win32
		{F7AE2E7C-E8A4-45F0-8311-EA736F88F775}.Release|x86.Build.0 = Release|Win32
	EndGlobalSection
	GlobalSection(SolutionProperties) = preSolution
		HideSolutionNode = FALSE
	EndGlobalSection
	GlobalSection(ExtensibilityGlobals) = postSolution
		SolutionGuid = {98DA0DD5-F3BE-4C8E-8B96-5C4290582B25}
	EndGlobalSection
EndGlobal
