
Microsoft Visual Studio Solution File, Format Version 12.00
# Visual Studio Version 17
VisualStudioVersion = 17.3.32819.101
MinimumVisualStudioVersion = 10.0.40219.1
Project("{8BC9CEB8-8B4A-11D0-8D11-00A0C91BC942}") = "KyleMoore_Assignment1", "KyleMoore_Assignment1\KyleMoore_Assignment1.vcxproj", "{8D77E156-00B5-41EC-8352-6ED57A71D07E}"
EndProject
Global
	GlobalSection(SolutionConfigurationPlatforms) = preSolution
		Debug|x64 = Debug|x64
		Debug|x86 = Debug|x86
		Release|x64 = Release|x64
		Release|x86 = Release|x86
	EndGlobalSection
	GlobalSection(ProjectConfigurationPlatforms) = postSolution
		{8D77E156-00B5-41EC-8352-6ED57A71D07E}.Debug|x64.ActiveCfg = Debug|x64
		{8D77E156-00B5-41EC-8352-6ED57A71D07E}.Debug|x64.Build.0 = Debug|x64
		{8D77E156-00B5-41EC-8352-6ED57A71D07E}.Debug|x86.ActiveCfg = Debug|Win32
		{8D77E156-00B5-41EC-8352-6ED57A71D07E}.Debug|x86.Build.0 = Debug|Win32
		{8D77E156-00B5-41EC-8352-6ED57A71D07E}.Release|x64.ActiveCfg = Release|x64
		{8D77E156-00B5-41EC-8352-6ED57A71D07E}.Release|x64.Build.0 = Release|x64
		{8D77E156-00B5-41EC-8352-6ED57A71D07E}.Release|x86.ActiveCfg = Release|Win32
		{8D77E156-00B5-41EC-8352-6ED57A71D07E}.Release|x86.Build.0 = Release|Win32
	EndGlobalSection
	GlobalSection(SolutionProperties) = preSolution
		HideSolutionNode = FALSE
	EndGlobalSection
	GlobalSection(ExtensibilityGlobals) = postSolution
		SolutionGuid = {E391ACDA-81DB-4D87-BB98-57ED35AE43A1}
	EndGlobalSection
EndGlobal
